
Microsoft Visual Studio Solution File, Format Version 12.00
# Visual Studio 15
VisualStudioVersion = 15.0.27130.2010
MinimumVisualStudioVersion = 10.0.40219.1
Project("{9A19103F-16F7-4668-BE54-9A1E7A4F7556}") = "SharpEventGridServer", "SharpEventGridServer\SharpEventGridServer.csproj", "{AE0D64BC-F59D-42F4-8533-F7724F1410BB}"
EndProject
Project("{9A19103F-16F7-4668-BE54-9A1E7A4F7556}") = "SharpEventGridServerSample", "SharpEventGridServerSample\SharpEventGridServerSample.csproj", "{97BC76E8-A746-4F28-BC38-701648ED78EC}"
EndProject
Project("{2150E333-8FDC-42A3-9474-1A3956D46DE8}") = "Docs", "Docs", "{46039ACF-771C-4F4B-B8C0-F93495872CAE}"
	ProjectSection(SolutionItems) = preProject
		README.md = README.md
	EndProjectSection
EndProject
Project("{9A19103F-16F7-4668-BE54-9A1E7A4F7556}") = "SharpMappingOverrideSample", "SharpMappingOverrideSample\SharpMappingOverrideSample.csproj", "{553B96A6-9C1B-4182-8BA4-5590BCD59860}"
EndProject
Global
	GlobalSection(SolutionConfigurationPlatforms) = preSolution
		Debug|Any CPU = Debug|Any CPU
		Release|Any CPU = Release|Any CPU
	EndGlobalSection
	GlobalSection(ProjectConfigurationPlatforms) = postSolution
		{AE0D64BC-F59D-42F4-8533-F7724F1410BB}.Debug|Any CPU.ActiveCfg = Debug|Any CPU
		{AE0D64BC-F59D-42F4-8533-F7724F1410BB}.Debug|Any CPU.Build.0 = Debug|Any CPU
		{AE0D64BC-F59D-42F4-8533-F7724F1410BB}.Release|Any CPU.ActiveCfg = Release|Any CPU
		{AE0D64BC-F59D-42F4-8533-F7724F1410BB}.Release|Any CPU.Build.0 = Release|Any CPU
		{97BC76E8-A746-4F28-BC38-701648ED78EC}.Debug|Any CPU.ActiveCfg = Debug|Any CPU
		{97BC76E8-A746-4F28-BC38-701648ED78EC}.Debug|Any CPU.Build.0 = Debug|Any CPU
		{97BC76E8-A746-4F28-BC38-701648ED78EC}.Release|Any CPU.ActiveCfg = Release|Any CPU
		{97BC76E8-A746-4F28-BC38-701648ED78EC}.Release|Any CPU.Build.0 = Release|Any CPU
		{553B96A6-9C1B-4182-8BA4-5590BCD59860}.Debug|Any CPU.ActiveCfg = Debug|Any CPU
		{553B96A6-9C1B-4182-8BA4-5590BCD59860}.Debug|Any CPU.Build.0 = Debug|Any CPU
		{553B96A6-9C1B-4182-8BA4-5590BCD59860}.Release|Any CPU.ActiveCfg = Release|Any CPU
		{553B96A6-9C1B-4182-8BA4-5590BCD59860}.Release|Any CPU.Build.0 = Release|Any CPU
	EndGlobalSection
	GlobalSection(SolutionProperties) = preSolution
		HideSolutionNode = FALSE
	EndGlobalSection
	GlobalSection(ExtensibilityGlobals) = postSolution
		SolutionGuid = {106A4DC2-76CE-43CE-9797-3C8F88073762}
	EndGlobalSection
EndGlobal
