
Microsoft Visual Studio Solution File, Format Version 12.00
# Visual Studio 15
VisualStudioVersion = 15.0.26923.0
MinimumVisualStudioVersion = 10.0.40219.1
Project("{FAE04EC0-301F-11D3-BF4B-00C04F79EFBC}") = "SharpEventGridServer", "SharpEventGridServer\SharpEventGridServer.csproj", "{AE0D64BC-F59D-42F4-8533-F7724F1410BB}"
EndProject
Global
	GlobalSection(SolutionConfigurationPlatforms) = preSolution
		Debug|Any CPU = Debug|Any CPU
		Release|Any CPU = Release|Any CPU
	EndGlobalSection
	GlobalSection(ProjectConfigurationPlatforms) = postSolution
		{AE0D64BC-F59D-42F4-8533-F7724F1410BB}.Debug|Any CPU.ActiveCfg = Debug|Any CPU
		{AE0D64BC-F59D-42F4-8533-F7724F1410BB}.Debug|Any CPU.Build.0 = Debug|Any CPU
		{AE0D64BC-F59D-42F4-8533-F7724F1410BB}.Release|Any CPU.ActiveCfg = Release|Any CPU
		{AE0D64BC-F59D-42F4-8533-F7724F1410BB}.Release|Any CPU.Build.0 = Release|Any CPU
	EndGlobalSection
	GlobalSection(SolutionProperties) = preSolution
		HideSolutionNode = FALSE
	EndGlobalSection
	GlobalSection(ExtensibilityGlobals) = postSolution
		SolutionGuid = {106A4DC2-76CE-43CE-9797-3C8F88073762}
	EndGlobalSection
EndGlobal
